version = 1
revision = 3
requires-python = ">=3.14"

[[package]]
name = "appscript"
version = "1.4.0"
source = { registry = "https://pypi.org/simple" }
dependencies = [
    { name = "lxml" },
]
sdist = { url = "https://files.pythonhosted.org/packages/ca/52/2fa70edfd98f0058219ecc2e365a3ba7aabd42db14ff9d7f44bbdcc5400d/appscript-1.4.0.tar.gz", hash = "sha256:b2c6fc770bf822ea45529c7084bc0ee340e67ab260016b01d28e0449ec8723be", size = 295279, upload-time = "2025-10-08T07:56:39.126Z" }
wheels = [
    { url = "https://files.pythonhosted.org/packages/4d/15/748adf302d8f1f8f975bb26c1b918d84f1d39bb6c4730e0b91f551297984/appscript-1.4.0-cp314-cp314-macosx_10_13_universal2.whl", hash = "sha256:1a5747425d2a5732e2854cab0d0dc893ef077cabd7d57f7ec4caea2ac313e19f", size = 99700, upload-time = "2025-10-08T07:56:37.313Z" },
    { url = "https://files.pythonhosted.org/packages/dd/e3/03dc0f97eab839f72061342d69bd34424e89876ce4026509aab3d74d4f23/appscript-1.4.0-cp314-cp314-macosx_10_13_x86_64.whl", hash = "sha256:5efce3302c00674b769b79938cc5f66f7791ef45c6419e850a5f1c8f9fcefcc1", size = 85610, upload-time = "2025-10-08T07:56:38.103Z" },
]

[[package]]
name = "colorama"
version = "0.4.6"
source = { registry = "https://pypi.org/simple" }
sdist = { url = "https://files.pythonhosted.org/packages/d8/53/6f443c9a4a8358a93a6792e2acffb9d9d5cb0a5cfd8802644b7b1c9a02e4/colorama-0.4.6.tar.gz", hash = "sha256:08695f5cb7ed6e0531a20572697297273c47b8cae5a63ffc6d6ed5c201be6e44", size = 27697, upload-time = "2022-10-25T02:36:22.414Z" }
wheels = [
    { url = "https://files.pythonhosted.org/packages/d1/d6/3965ed04c63042e047cb6a3e6ed1a63a35087b6a609aa3a15ed8ac56c221/colorama-0.4.6-py2.py3-none-any.whl", hash = "sha256:4f1d9991f5acc0ca119f9d443620b77f9d6b33703e51011c16baf57afb285fc6", size = 25335, upload-time = "2022-10-25T02:36:20.889Z" },
]

[[package]]
name = "coverage"
version = "7.13.1"
source = { registry = "https://pypi.org/simple" }
sdist = { url = "https://files.pythonhosted.org/packages/23/f9/e92df5e07f3fc8d4c7f9a0f146ef75446bf870351cd37b788cf5897f8079/coverage-7.13.1.tar.gz", hash = "sha256:b7593fe7eb5feaa3fbb461ac79aac9f9fc0387a5ca8080b0c6fe2ca27b091afd", size = 825862, upload-time = "2025-12-28T15:42:56.969Z" }
wheels = [
    { url = "https://files.pythonhosted.org/packages/aa/8e/ba0e597560c6563fc0adb902fda6526df5d4aa73bb10adf0574d03bd2206/coverage-7.13.1-cp314-cp314-macosx_10_15_x86_64.whl", hash = "sha256:97ab3647280d458a1f9adb85244e81587505a43c0c7cff851f5116cd2814b894", size = 218996, upload-time = "2025-12-28T15:42:04.978Z" },
    { url = "https://files.pythonhosted.org/packages/6b/8e/764c6e116f4221dc7aa26c4061181ff92edb9c799adae6433d18eeba7a14/coverage-7.13.1-cp314-cp314-macosx_11_0_arm64.whl", hash = "sha256:8f572d989142e0908e6acf57ad1b9b86989ff057c006d13b76c146ec6a20216a", size = 219326, upload-time = "2025-12-28T15:42:06.691Z" },
    { url = "https://files.pythonhosted.org/packages/4f/a6/6130dc6d8da28cdcbb0f2bf8865aeca9b157622f7c0031e48c6cf9a0e591/coverage-7.13.1-cp314-cp314-manylinux1_i686.manylinux_2_28_i686.manylinux_2_5_i686.whl", hash = "sha256:d72140ccf8a147e94274024ff6fd8fb7811354cf7ef88b1f0a988ebaa5bc774f", size = 250374, upload-time = "2025-12-28T15:42:08.786Z" },
    { url = "https://files.pythonhosted.org/packages/82/2b/783ded568f7cd6b677762f780ad338bf4b4750205860c17c25f7c708995e/coverage-7.13.1-cp314-cp314-manylinux1_x86_64.manylinux_2_28_x86_64.manylinux_2_5_x86_64.whl", hash = "sha256:d3c9f051b028810f5a87c88e5d6e9af3c0ff32ef62763bf15d29f740453ca909", size = 252882, upload-time = "2025-12-28T15:42:10.515Z" },
    { url = "https://files.pythonhosted.org/packages/cd/b2/9808766d082e6a4d59eb0cc881a57fc1600eb2c5882813eefff8254f71b5/coverage-7.13.1-cp314-cp314-manylinux2014_aarch64.manylinux_2_17_aarch64.manylinux_2_28_aarch64.whl", hash = "sha256:f398ba4df52d30b1763f62eed9de5620dcde96e6f491f4c62686736b155aa6e4", size = 254218, upload-time = "2025-12-28T15:42:12.208Z" },
    { url = "https://files.pythonhosted.org/packages/44/ea/52a985bb447c871cb4d2e376e401116520991b597c85afdde1ea9ef54f2c/coverage-7.13.1-cp314-cp314-manylinux_2_31_riscv64.manylinux_2_39_riscv64.whl", hash = "sha256:132718176cc723026d201e347f800cd1a9e4b62ccd3f82476950834dad501c75", size = 250391, upload-time = "2025-12-28T15:42:14.21Z" },
    { url = "https://files.pythonhosted.org/packages/7f/1d/125b36cc12310718873cfc8209ecfbc1008f14f4f5fa0662aa608e579353/coverage-7.13.1-cp314-cp314-musllinux_1_2_aarch64.whl", hash = "sha256:9e549d642426e3579b3f4b92d0431543b012dcb6e825c91619d4e93b7363c3f9", size = 252239, upload-time = "2025-12-28T15:42:16.292Z" },
    { url = "https://files.pythonhosted.org/packages/6a/16/10c1c164950cade470107f9f14bbac8485f8fb8515f515fca53d337e4a7f/coverage-7.13.1-cp314-cp314-musllinux_1_2_i686.whl", hash = "sha256:90480b2134999301eea795b3a9dbf606c6fbab1b489150c501da84a959442465", size = 250196, upload-time = "2025-12-28T15:42:18.54Z" },
    { url = "https://files.pythonhosted.org/packages/2a/c6/cd860fac08780c6fd659732f6ced1b40b79c35977c1356344e44d72ba6c4/coverage-7.13.1-cp314-cp314-musllinux_1_2_riscv64.whl", hash = "sha256:e825dbb7f84dfa24663dd75835e7257f8882629fc11f03ecf77d84a75134b864", size = 250008, upload-time = "2025-12-28T15:42:20.365Z" },
    { url = "https://files.pythonhosted.org/packages/f0/3a/a8c58d3d38f82a5711e1e0a67268362af48e1a03df27c03072ac30feefcf/coverage-7.13.1-cp314-cp314-musllinux_1_2_x86_64.whl", hash = "sha256:623dcc6d7a7ba450bbdbeedbaa0c42b329bdae16491af2282f12a7e809be7eb9", size = 251671, upload-time = "2025-12-28T15:42:22.114Z" },
    { url = "https://files.pythonhosted.org/packages/f0/bc/fd4c1da651d037a1e3d53e8cb3f8182f4b53271ffa9a95a2e211bacc0349/coverage-7.13.1-cp314-cp314-win32.whl", hash = "sha256:6e73ebb44dca5f708dc871fe0b90cf4cff1a13f9956f747cc87b535a840386f5", size = 221777, upload-time = "2025-12-28T15:42:23.919Z" },
    { url = "https://files.pythonhosted.org/packages/4b/50/71acabdc8948464c17e90b5ffd92358579bd0910732c2a1c9537d7536aa6/coverage-7.13.1-cp314-cp314-win_amd64.whl", hash = "sha256:be753b225d159feb397bd0bf91ae86f689bad0da09d3b301478cd39b878ab31a", size = 222592, upload-time = "2025-12-28T15:42:25.619Z" },
    { url = "https://files.pythonhosted.org/packages/f7/c8/a6fb943081bb0cc926499c7907731a6dc9efc2cbdc76d738c0ab752f1a32/coverage-7.13.1-cp314-cp314-win_arm64.whl", hash = "sha256:228b90f613b25ba0019361e4ab81520b343b622fc657daf7e501c4ed6a2366c0", size = 221169, upload-time = "2025-12-28T15:42:27.629Z" },
    { url = "https://files.pythonhosted.org/packages/16/61/d5b7a0a0e0e40d62e59bc8c7aa1afbd86280d82728ba97f0673b746b78e2/coverage-7.13.1-cp314-cp314t-macosx_10_15_x86_64.whl", hash = "sha256:60cfb538fe9ef86e5b2ab0ca8fc8d62524777f6c611dcaf76dc16fbe9b8e698a", size = 219730, upload-time = "2025-12-28T15:42:29.306Z" },
    { url = "https://files.pythonhosted.org/packages/a3/2c/8881326445fd071bb49514d1ce97d18a46a980712b51fee84f9ab42845b4/coverage-7.13.1-cp314-cp314t-macosx_11_0_arm64.whl", hash = "sha256:57dfc8048c72ba48a8c45e188d811e5efd7e49b387effc8fb17e97936dde5bf6", size = 220001, upload-time = "2025-12-28T15:42:31.319Z" },
    { url = "https://files.pythonhosted.org/packages/b5/d7/50de63af51dfa3a7f91cc37ad8fcc1e244b734232fbc8b9ab0f3c834a5cd/coverage-7.13.1-cp314-cp314t-manylinux1_i686.manylinux_2_28_i686.manylinux_2_5_i686.whl", hash = "sha256:3f2f725aa3e909b3c5fdb8192490bdd8e1495e85906af74fe6e34a2a77ba0673", size = 261370, upload-time = "2025-12-28T15:42:32.992Z" },
    { url = "https://files.pythonhosted.org/packages/e1/2c/d31722f0ec918fd7453b2758312729f645978d212b410cd0f7c2aed88a94/coverage-7.13.1-cp314-cp314t-manylinux1_x86_64.manylinux_2_28_x86_64.manylinux_2_5_x86_64.whl", hash = "sha256:9ee68b21909686eeb21dfcba2c3b81fee70dcf38b140dcd5aa70680995fa3aa5", size = 263485, upload-time = "2025-12-28T15:42:34.759Z" },
    { url = "https://files.pythonhosted.org/packages/fa/7a/2c114fa5c5fc08ba0777e4aec4c97e0b4a1afcb69c75f1f54cff78b073ab/coverage-7.13.1-cp314-cp314t-manylinux2014_aarch64.manylinux_2_17_aarch64.manylinux_2_28_aarch64.whl", hash = "sha256:724b1b270cb13ea2e6503476e34541a0b1f62280bc997eab443f87790202033d", size = 265890, upload-time = "2025-12-28T15:42:36.517Z" },
    { url = "https://files.pythonhosted.org/packages/65/d9/f0794aa1c74ceabc780fe17f6c338456bbc4e96bd950f2e969f48ac6fb20/coverage-7.13.1-cp314-cp314t-manylinux_2_31_riscv64.manylinux_2_39_riscv64.whl", hash = "sha256:916abf1ac5cf7eb16bc540a5bf75c71c43a676f5c52fcb9fe75a2bd75fb944e8", size = 260445, upload-time = "2025-12-28T15:42:38.646Z" },
    { url = "https://files.pythonhosted.org/packages/49/23/184b22a00d9bb97488863ced9454068c79e413cb23f472da6cbddc6cfc52/coverage-7.13.1-cp314-cp314t-musllinux_1_2_aarch64.whl", hash = "sha256:776483fd35b58d8afe3acbd9988d5de592ab6da2d2a865edfdbc9fdb43e7c486", size = 263357, upload-time = "2025-12-28T15:42:40.788Z" },
    { url = "https://files.pythonhosted.org/packages/7d/bd/58af54c0c9199ea4190284f389005779d7daf7bf3ce40dcd2d2b2f96da69/coverage-7.13.1-cp314-cp314t-musllinux_1_2_i686.whl", hash = "sha256:b6f3b96617e9852703f5b633ea01315ca45c77e879584f283c44127f0f1ec564", size = 260959, upload-time = "2025-12-28T15:42:42.808Z" },
    { url = "https://files.pythonhosted.org/packages/4b/2a/6839294e8f78a4891bf1df79d69c536880ba2f970d0ff09e7513d6e352e9/coverage-7.13.1-cp314-cp314t-musllinux_1_2_riscv64.whl", hash = "sha256:bd63e7b74661fed317212fab774e2a648bc4bb09b35f25474f8e3325d2945cd7", size = 259792, upload-time = "2025-12-28T15:42:44.818Z" },
    { url = "https://files.pythonhosted.org/packages/ba/c3/528674d4623283310ad676c5af7414b9850ab6d55c2300e8aa4b945ec554/coverage-7.13.1-cp314-cp314t-musllinux_1_2_x86_64.whl", hash = "sha256:933082f161bbb3e9f90d00990dc956120f608cdbcaeea15c4d897f56ef4fe416", size = 262123, upload-time = "2025-12-28T15:42:47.108Z" },
    { url = "https://files.pythonhosted.org/packages/06/c5/8c0515692fb4c73ac379d8dc09b18eaf0214ecb76ea6e62467ba7a1556ff/coverage-7.13.1-cp314-cp314t-win32.whl", hash = "sha256:18be793c4c87de2965e1c0f060f03d9e5aff66cfeae8e1dbe6e5b88056ec153f", size = 222562, upload-time = "2025-12-28T15:42:49.144Z" },
    { url = "https://files.pythonhosted.org/packages/05/0e/c0a0c4678cb30dac735811db529b321d7e1c9120b79bd728d4f4d6b010e9/coverage-7.13.1-cp314-cp314t-win_amd64.whl", hash = "sha256:0e42e0ec0cd3e0d851cb3c91f770c9301f48647cb2877cb78f74bdaa07639a79", size = 223670, upload-time = "2025-12-28T15:42:51.218Z" },
    { url = "https://files.pythonhosted.org/packages/f5/5f/b177aa0011f354abf03a8f30a85032686d290fdeed4222b27d36b4372a50/coverage-7.13.1-cp314-cp314t-win_arm64.whl", hash = "sha256:eaecf47ef10c72ece9a2a92118257da87e460e113b83cc0d2905cbbe931792b4", size = 221707, upload-time = "2025-12-28T15:42:53.034Z" },
    { url = "https://files.pythonhosted.org/packages/cc/48/d9f421cb8da5afaa1a64570d9989e00fb7955e6acddc5a12979f7666ef60/coverage-7.13.1-py3-none-any.whl", hash = "sha256:2016745cb3ba554469d02819d78958b571792bb68e31302610e898f80dd3a573", size = 210722, upload-time = "2025-12-28T15:42:54.901Z" },
]

[[package]]
name = "et-xmlfile"
version = "2.0.0"
source = { registry = "https://pypi.org/simple" }
sdist = { url = "https://files.pythonhosted.org/packages/d3/38/af70d7ab1ae9d4da450eeec1fa3918940a5fafb9055e934af8d6eb0c2313/et_xmlfile-2.0.0.tar.gz", hash = "sha256:dab3f4764309081ce75662649be815c4c9081e88f0837825f90fd28317d4da54", size = 17234, upload-time = "2024-10-25T17:25:40.039Z" }
wheels = [
    { url = "https://files.pythonhosted.org/packages/c1/8b/5fe2cc11fee489817272089c4203e679c63b570a5aaeb18d852ae3cbba6a/et_xmlfile-2.0.0-py3-none-any.whl", hash = "sha256:7a91720bc756843502c3b7504c77b8fe44217c85c537d85037f0f536151b2caa", size = 18059, upload-time = "2024-10-25T17:25:39.051Z" },
]

[[package]]
name = "iniconfig"
version = "2.3.0"
source = { registry = "https://pypi.org/simple" }
sdist = { url = "https://files.pythonhosted.org/packages/72/34/14ca021ce8e5dfedc35312d08ba8bf51fdd999c576889fc2c24cb97f4f10/iniconfig-2.3.0.tar.gz", hash = "sha256:c76315c77db068650d49c5b56314774a7804df16fee4402c1f19d6d15d8c4730", size = 20503, upload-time = "2025-10-18T21:55:43.219Z" }
wheels = [
    { url = "https://files.pythonhosted.org/packages/cb/b1/3846dd7f199d53cb17f49cba7e651e9ce294d8497c8c150530ed11865bb8/iniconfig-2.3.0-py3-none-any.whl", hash = "sha256:f631c04d2c48c52b84d0d0549c99ff3859c98df65b3101406327ecc7d53fbf12", size = 7484, upload-time = "2025-10-18T21:55:41.639Z" },
]

[[package]]
name = "lxml"
version = "6.0.2"
source = { registry = "https://pypi.org/simple" }
sdist = { url = "https://files.pythonhosted.org/packages/aa/88/262177de60548e5a2bfc46ad28232c9e9cbde697bd94132aeb80364675cb/lxml-6.0.2.tar.gz", hash = "sha256:cd79f3367bd74b317dda655dc8fcfa304d9eb6e4fb06b7168c5cf27f96e0cd62", size = 4073426, upload-time = "2025-09-22T04:04:59.287Z" }
wheels = [
    { url = "https://files.pythonhosted.org/packages/03/15/d4a377b385ab693ce97b472fe0c77c2b16ec79590e688b3ccc71fba19884/lxml-6.0.2-cp314-cp314-macosx_10_13_universal2.whl", hash = "sha256:b0c732aa23de8f8aec23f4b580d1e52905ef468afb4abeafd3fec77042abb6fe", size = 8659801, upload-time = "2025-09-22T04:02:30.113Z" },
    { url = "https://files.pythonhosted.org/packages/c8/e8/c128e37589463668794d503afaeb003987373c5f94d667124ffd8078bbd9/lxml-6.0.2-cp314-cp314-macosx_10_13_x86_64.whl", hash = "sha256:4468e3b83e10e0317a89a33d28f7aeba1caa4d1a6fd457d115dd4ffe90c5931d", size = 4659403, upload-time = "2025-09-22T04:02:32.119Z" },
    { url = "https://files.pythonhosted.org/packages/5e/5c/42c2c4c03554580708fc738d13414801f340c04c3eff90d8d2d227145275/lxml-6.0.2-cp314-cp314t-macosx_10_13_universal2.whl", hash = "sha256:6162a86d86893d63084faaf4ff937b3daea233e3682fb4474db07395794fa80d", size = 8910380, upload-time = "2025-09-22T04:03:01.645Z" },
    { url = "https://files.pythonhosted.org/packages/bf/4f/12df843e3e10d18d468a7557058f8d3733e8b6e12401f30b1ef29360740f/lxml-6.0.2-cp314-cp314t-macosx_10_13_x86_64.whl", hash = "sha256:414aaa94e974e23a3e92e7ca5b97d10c0cf37b6481f50911032c69eeb3991bba", size = 4775632, upload-time = "2025-09-22T04:03:03.814Z" },
]

[[package]]
name = "openpyxl"
version = "3.1.5"
source = { registry = "https://pypi.org/simple" }
dependencies = [
    { name = "et-xmlfile" },
]
sdist = { url = "https://files.pythonhosted.org/packages/3d/f9/88d94a75de065ea32619465d2f77b29a0469500e99012523b91cc4141cd1/openpyxl-3.1.5.tar.gz", hash = "sha256:cf0e3cf56142039133628b5acffe8ef0c12bc902d2aadd3e0fe5878dc08d1050", size = 186464, upload-time = "2024-06-28T14:03:44.161Z" }
wheels = [
    { url = "https://files.pythonhosted.org/packages/c0/da/977ded879c29cbd04de313843e76868e6e13408a94ed6b987245dc7c8506/openpyxl-3.1.5-py2.py3-none-any.whl", hash = "sha256:5282c12b107bffeef825f4617dc029afaf41d0ea60823bbb665ef3079dc79de2", size = 250910, upload-time = "2024-06-28T14:03:41.161Z" },
]

[[package]]
name = "packaging"
version = "25.0"
source = { registry = "https://pypi.org/simple" }
sdist = { url = "https://files.pythonhosted.org/packages/a1/d4/1fc4078c65507b51b96ca8f8c3ba19e6a61c8253c72794544580a7b6c24d/packaging-25.0.tar.gz", hash = "sha256:d443872c98d677bf60f6a1f2f8c1cb748e8fe762d2bf9d3148b5599295b0fc4f", size = 165727, upload-time = "2025-04-19T11:48:59.673Z" }
wheels = [
    { url = "https://files.pythonhosted.org/packages/20/12/38679034af332785aac8774540895e234f4d07f7545804097de4b666afd8/packaging-25.0-py3-none-any.whl", hash = "sha256:29572ef2b1f17581046b3a2227d5c611fb25ec70ca1ba8554b24b0e69331a484", size = 66469, upload-time = "2025-04-19T11:48:57.875Z" },
]

[[package]]
name = "pluggy"
version = "1.6.0"
source = { registry = "https://pypi.org/simple" }
sdist = { url = "https://files.pythonhosted.org/packages/f9/e2/3e91f31a7d2b083fe6ef3fa267035b518369d9511ffab804f839851d2779/pluggy-1.6.0.tar.gz", hash = "sha256:7dcc130b76258d33b90f61b658791dede3486c3e6bfb003ee5c9bfb396dd22f3", size = 69412, upload-time = "2025-05-15T12:30:07.975Z" }
wheels = [
    { url = "https://files.pythonhosted.org/packages/54/20/4d324d65cc6d9205fabedc306948156824eb9f0ee1633355a8f7ec5c66bf/pluggy-1.6.0-py3-none-any.whl", hash = "sha256:e920276dd6813095e9377c0bc5566d94c932c33b27a3e3945d8389c374dd4746", size = 20538, upload-time = "2025-05-15T12:30:06.134Z" },
]

[[package]]
name = "polars"
version = "1.37.1"
source = { registry = "https://pypi.org/simple" }
dependencies = [
    { name = "polars-runtime-32" },
]
sdist = { url = "https://files.pythonhosted.org/packages/84/ae/dfebf31b9988c20998140b54d5b521f64ce08879f2c13d9b4d44d7c87e32/polars-1.37.1.tar.gz", hash = "sha256:0309e2a4633e712513401964b4d95452f124ceabf7aec6db50affb9ced4a274e", size = 715572, upload-time = "2026-01-12T23:27:03.267Z" }
wheels = [
    { url = "https://files.pythonhosted.org/packages/08/75/ec73e38812bca7c2240aff481b9ddff20d1ad2f10dee4b3353f5eeaacdab/polars-1.37.1-py3-none-any.whl", hash = "sha256:377fed8939a2f1223c1563cfabdc7b4a3d6ff846efa1f2ddeb8644fafd9b1aff", size = 805749, upload-time = "2026-01-12T23:25:48.595Z" },
]

[[package]]
name = "polars-runtime-32"
version = "1.37.1"
source = { registry = "https://pypi.org/simple" }
sdist = { url = "https://files.pythonhosted.org/packages/40/0b/addabe5e8d28a5a4c9887a08907be7ddc3fce892dc38f37d14b055438a57/polars_runtime_32-1.37.1.tar.gz", hash = "sha256:68779d4a691da20a5eb767d74165a8f80a2bdfbde4b54acf59af43f7fa028d8f", size = 2818945, upload-time = "2026-01-12T23:27:04.653Z" }
wheels = [
    { url = "https://files.pythonhosted.org/packages/2a/a2/e828ea9f845796de02d923edb790e408ca0b560cd68dbd74bb99a1b3c461/polars_runtime_32-1.37.1-cp310-abi3-macosx_10_12_x86_64.whl", hash = "sha256:0b8d4d73ea9977d3731927740e59d814647c5198bdbe359bcf6a8bfce2e79771", size = 43499912, upload-time = "2026-01-12T23:25:51.182Z" },
    { url = "https://files.pythonhosted.org/packages/7e/46/81b71b7aa9e3703ee6e4ef1f69a87e40f58ea7c99212bf49a95071e99c8c/polars_runtime_32-1.37.1-cp310-abi3-macosx_11_0_arm64.whl", hash = "sha256:c682bf83f5f352e5e02f5c16c652c48ca40442f07b236f30662b22217320ce76", size = 39695707, upload-time = "2026-01-12T23:25:54.289Z" },
    { url = "https://files.pythonhosted.org/packages/81/2e/20009d1fde7ee919e24040f5c87cb9d0e4f8e3f109b74ba06bc10c02459c/polars_runtime_32-1.37.1-cp310-abi3-manylinux_2_17_aarch64.manylinux2014_aarch64.whl", hash = "sha256:fc82b5bbe70ca1a4b764eed1419f6336752d6ba9fc1245388d7f8b12438afa2c", size = 41467034, upload-time = "2026-01-12T23:25:56.925Z" },
    { url = "https://files.pythonhosted.org/packages/eb/21/9b55bea940524324625b1e8fd96233290303eb1bf2c23b54573487bbbc25/polars_runtime_32-1.37.1-cp310-abi3-manylinux_2_17_x86_64.manylinux2014_x86_64.whl", hash = "sha256:a8362d11ac5193b994c7e9048ffe22ccfb976699cfbf6e128ce0302e06728894", size = 45142711, upload-time = "2026-01-12T23:26:00.817Z" },
    { url = "https://files.pythonhosted.org/packages/8c/25/c5f64461aeccdac6834a89f826d051ccd3b4ce204075e562c87a06ed2619/polars_runtime_32-1.37.1-cp310-abi3-musllinux_1_2_aarch64.whl", hash = "sha256:04f5d5a2f013dca7391b7d8e7672fa6d37573a87f1d45d3dd5f0d9b5565a4b0f", size = 41638564, upload-time = "2026-01-12T23:26:04.186Z" },
    { url = "https://files.pythonhosted.org/packages/35/af/509d3cf6c45e764ccf856beaae26fc34352f16f10f94a7839b1042920a73/polars_runtime_32-1.37.1-cp310-abi3-musllinux_1_2_x86_64.whl", hash = "sha256:fbfde7c0ca8209eeaed546e4a32cca1319189aa61c5f0f9a2b4494262bd0c689", size = 44721136, upload-time = "2026-01-12T23:26:07.088Z" },
    { url = "https://files.pythonhosted.org/packages/af/d1/5c0a83a625f72beef59394bebc57d12637997632a4f9d3ab2ffc2cc62bbf/polars_runtime_32-1.37.1-cp310-abi3-win_amd64.whl", hash = "sha256:da3d3642ae944e18dd17109d2a3036cb94ce50e5495c5023c77b1599d4c861bc", size = 44948288, upload-time = "2026-01-12T23:26:10.214Z" },
    { url = "https://files.pythonhosted.org/packages/10/f3/061bb702465904b6502f7c9081daee34b09ccbaa4f8c94cf43a2a3b6dd6f/polars_runtime_32-1.37.1-cp310-abi3-win_arm64.whl", hash = "sha256:55f2c4847a8d2e267612f564de7b753a4bde3902eaabe7b436a0a4abf75949a0", size = 41001914, upload-time = "2026-01-12T23:26:12.997Z" },
]

[[package]]
name = "psutil"
version = "7.1.3"
source = { registry = "https://pypi.org/simple" }
sdist = { url = "https://files.pythonhosted.org/packages/e1/88/bdd0a41e5857d5d703287598cbf08dad90aed56774ea52ae071bae9071b6/psutil-7.1.3.tar.gz", hash = "sha256:6c86281738d77335af7aec228328e944b30930899ea760ecf33a4dba66be5e74", size = 489059, upload-time = "2025-11-02T12:25:54.619Z" }
wheels = [
    { url = "https://files.pythonhosted.org/packages/2e/bb/6670bded3e3236eb4287c7bcdc167e9fae6e1e9286e437f7111caed2f909/psutil-7.1.3-cp314-cp314t-macosx_10_15_x86_64.whl", hash = "sha256:b403da1df4d6d43973dc004d19cee3b848e998ae3154cc8097d139b77156c353", size = 239843, upload-time = "2025-11-02T12:26:11.968Z" },
    { url = "https://files.pythonhosted.org/packages/b8/66/853d50e75a38c9a7370ddbeefabdd3d3116b9c31ef94dc92c6729bc36bec/psutil-7.1.3-cp314-cp314t-macosx_11_0_arm64.whl", hash = "sha256:ad81425efc5e75da3f39b3e636293360ad8d0b49bed7df824c79764fb4ba9b8b", size = 240369, upload-time = "2025-11-02T12:26:14.358Z" },
    { url = "https://files.pythonhosted.org/packages/ef/94/46b9154a800253e7ecff5aaacdf8ebf43db99de4a2dfa18575b02548654e/psutil-7.1.3-cp36-abi3-macosx_10_9_x86_64.whl", hash = "sha256:2bdbcd0e58ca14996a42adf3621a6244f1bb2e2e528886959c72cf1e326677ab", size = 238359, upload-time = "2025-11-02T12:26:25.284Z" },
    { url = "https://files.pythonhosted.org/packages/68/3a/9f93cff5c025029a36d9a92fef47220ab4692ee7f2be0fba9f92813d0cb8/psutil-7.1.3-cp36-abi3-macosx_11_0_arm64.whl", hash = "sha256:bc31fa00f1fbc3c3802141eede66f3a2d51d89716a194bf2cd6fc68310a19880", size = 239171, upload-time = "2025-11-02T12:26:27.23Z" },
]

[[package]]
name = "pygments"
version = "2.19.2"
source = { registry = "https://pypi.org/simple" }
sdist = { url = "https://files.pythonhosted.org/packages/b0/77/a5b8c569bf593b0140bde72ea885a803b82086995367bf2037de0159d924/pygments-2.19.2.tar.gz", hash = "sha256:636cb2477cec7f8952536970bc533bc43743542f70392ae026374600add5b887", size = 4968631, upload-time = "2025-06-21T13:39:12.283Z" }
wheels = [
    { url = "https://files.pythonhosted.org/packages/c7/21/705964c7812476f378728bdf590ca4b771ec72385c533964653c68e86bdc/pygments-2.19.2-py3-none-any.whl", hash = "sha256:86540386c03d588bb81d44bc3928634ff26449851e99741617ecb9037ee5ec0b", size = 1225217, upload-time = "2025-06-21T13:39:07.939Z" },
]

[[package]]
name = "pytest"
version = "9.0.2"
source = { registry = "https://pypi.org/simple" }
dependencies = [
    { name = "colorama", marker = "sys_platform == 'win32'" },
    { name = "iniconfig" },
    { name = "packaging" },
    { name = "pluggy" },
    { name = "pygments" },
]
sdist = { url = "https://files.pythonhosted.org/packages/d1/db/7ef3487e0fb0049ddb5ce41d3a49c235bf9ad299b6a25d5780a89f19230f/pytest-9.0.2.tar.gz", hash = "sha256:75186651a92bd89611d1d9fc20f0b4345fd827c41ccd5c299a868a05d70edf11", size = 1568901, upload-time = "2025-12-06T21:30:51.014Z" }
wheels = [
    { url = "https://files.pythonhosted.org/packages/3b/ab/b3226f0bd7cdcf710fbede2b3548584366da3b19b5021e74f5bde2a8fa3f/pytest-9.0.2-py3-none-any.whl", hash = "sha256:711ffd45bf766d5264d487b917733b453d917afd2b0ad65223959f59089f875b", size = 374801, upload-time = "2025-12-06T21:30:49.154Z" },
]

[[package]]
name = "pytest-cov"
version = "7.0.0"
source = { registry = "https://pypi.org/simple" }
dependencies = [
    { name = "coverage" },
    { name = "pluggy" },
    { name = "pytest" },
]
sdist = { url = "https://files.pythonhosted.org/packages/5e/f7/c933acc76f5208b3b00089573cf6a2bc26dc80a8aece8f52bb7d6b1855ca/pytest_cov-7.0.0.tar.gz", hash = "sha256:33c97eda2e049a0c5298e91f519302a1334c26ac65c1a483d6206fd458361af1", size = 54328, upload-time = "2025-09-09T10:57:02.113Z" }
wheels = [
    { url = "https://files.pythonhosted.org/packages/ee/49/1377b49de7d0c1ce41292161ea0f721913fa8722c19fb9c1e3aa0367eecb/pytest_cov-7.0.0-py3-none-any.whl", hash = "sha256:3b8e9558b16cc1479da72058bdecf8073661c7f57f7d3c5f22a1c23507f2d861", size = 22424, upload-time = "2025-09-09T10:57:00.695Z" },
]

[[package]]
name = "pywin32"
version = "311"
source = { registry = "https://pypi.org/simple" }
wheels = [
    { url = "https://files.pythonhosted.org/packages/c9/31/097f2e132c4f16d99a22bfb777e0fd88bd8e1c634304e102f313af69ace5/pywin32-311-cp314-cp314-win32.whl", hash = "sha256:b7a2c10b93f8986666d0c803ee19b5990885872a7de910fc460f9b0c2fbf92ee", size = 8840714, upload-time = "2025-07-14T20:13:32.449Z" },
    { url = "https://files.pythonhosted.org/packages/90/4b/07c77d8ba0e01349358082713400435347df8426208171ce297da32c313d/pywin32-311-cp314-cp314-win_amd64.whl", hash = "sha256:3aca44c046bd2ed8c90de9cb8427f581c479e594e99b5c0bb19b29c10fd6cb87", size = 9656800, upload-time = "2025-07-14T20:13:34.312Z" },
    { url = "https://files.pythonhosted.org/packages/c0/d2/21af5c535501a7233e734b8af901574572da66fcc254cb35d0609c9080dd/pywin32-311-cp314-cp314-win_arm64.whl", hash = "sha256:a508e2d9025764a8270f93111a970e1d0fbfc33f4153b388bb649b7eec4f9b42", size = 8932540, upload-time = "2025-07-14T20:13:36.379Z" },
]

[[package]]
name = "xlwings"
version = "0.33.16"
source = { registry = "https://pypi.org/simple" }
dependencies = [
    { name = "appscript", marker = "sys_platform == 'darwin'" },
    { name = "psutil", marker = "sys_platform == 'darwin'" },
    { name = "pywin32", marker = "sys_platform == 'win32'" },
]
sdist = { url = "https://files.pythonhosted.org/packages/ae/e3/4b4ff2248476b4a9cc71c7ebafdba642dafdf6c0559cf86fe44f73a5c6d0/xlwings-0.33.16.tar.gz", hash = "sha256:3ed1b93199d2cb4509ad9a3d4bab38ce483a8eaa39d38ffd034b7edac3241b51", size = 15705501, upload-time = "2025-10-10T16:13:34.197Z" }
wheels = [
    { url = "https://files.pythonhosted.org/packages/d2/31/2ff0120422f320d3840c3cff5cf6813e9507378414f2ceab3345b4686f00/xlwings-0.33.16-cp314-cp314-macosx_10_12_x86_64.whl", hash = "sha256:cc86d0180abb69d23531840ce51da8d15e597c5ad33aaa54c02f35f5e7991439", size = 1414773, upload-time = "2025-10-10T16:14:23.775Z" },
    { url = "https://files.pythonhosted.org/packages/fd/df/cb1e04bbef5b63adbe1e28556c90dc4faa5f5a00cc29ce2b1ad955f85a26/xlwings-0.33.16-cp314-cp314-macosx_11_0_arm64.whl", hash = "sha256:160625fa6d3c54b17a5afa642a0dd0364c67919e0d82d38a2bc9df8f1019c959", size = 1399805, upload-time = "2025-10-10T16:14:24.967Z" },
    { url = "https://files.pythonhosted.org/packages/fe/36/b91f459f7a45bb3030f684abc85e970ad627acb7960a194cb874d45fc9ae/xlwings-0.33.16-cp314-cp314-manylinux_2_17_aarch64.manylinux2014_aarch64.whl", hash = "sha256:33ef84134f821b0597351961ed6c6abf3c97cf7f604beb0733478ba1a55ebb47", size = 1460195, upload-time = "2025-10-10T16:14:26.64Z" },
    { url = "https://files.pythonhosted.org/packages/c4/84/c55a6eb5459ace6668ef55e4b042e32e0dbc6c605cceff707609c9903043/xlwings-0.33.16-cp314-cp314-manylinux_2_17_armv7l.manylinux2014_armv7l.whl", hash = "sha256:4283246f8553e776cabd149088f001b5f45315ff375f2d0d3c2fcd7bd7a98195", size = 1463185, upload-time = "2025-10-10T16:14:28.333Z" },
    { url = "https://files.pythonhosted.org/packages/3f/92/128580317b29b179f0ffb3e8c12528d24d351671e55eb24d1e97d6f63cc6/xlwings-0.33.16-cp314-cp314-manylinux_2_17_x86_64.manylinux2014_x86_64.whl", hash = "sha256:4bfcecec3b20802e3e976f63054d3a019c2a7c23d640d014e51d2cf4f907edf3", size = 1464759, upload-time = "2025-10-10T16:14:29.544Z" },
    { url = "https://files.pythonhosted.org/packages/fa/f1/08d30773fbcfdff60632b01db3eee3311da9383cd8d473d4b013679d197f/xlwings-0.33.16-cp314-cp314-musllinux_1_1_aarch64.whl", hash = "sha256:6a0fc127d4c95d8452024f2f4a4589be4d76b80a8e32b7fa86576d9a6aa735af", size = 1641645, upload-time = "2025-10-10T16:14:30.671Z" },
    { url = "https://files.pythonhosted.org/packages/b7/a9/3c41849f6199e845c2af0971202ed99c4aba24243adcec3b385a18a471a8/xlwings-0.33.16-cp314-cp314-musllinux_1_1_x86_64.whl", hash = "sha256:da19b3becfa34eacb6e0d6786bd6bfb17da45b28c7f29cba8b7dce292ca552d8", size = 1636452, upload-time = "2025-10-10T16:14:31.998Z" },
    { url = "https://files.pythonhosted.org/packages/3c/d3/6303d45234dade44b2fbf24f73cdf33485b121bc1641aefad7976d2652da/xlwings-0.33.16-cp314-cp314-win_amd64.whl", hash = "sha256:ce41bbc78997a2214dfd3722081ccd7b345f1af0d7437f3eb8e426accb39e7e4", size = 1653329, upload-time = "2025-10-10T16:14:33.326Z" },
    { url = "https://files.pythonhosted.org/packages/f2/1f/2cfb6b8145a6594d69aae76d9213e7d709c763c251e45a03d76df43f1f7e/xlwings-0.33.16-py3-none-any.whl", hash = "sha256:2adc68b55dedcf835b461bb60dc730c59329267b5361cb2f74d0a0dafc86906c", size = 732638, upload-time = "2025-10-10T16:14:34.511Z" },
]

[[package]]
name = "xlwings-testing"
version = "0.1.0"
source = { virtual = "." }
dependencies = [
    { name = "openpyxl" },
    { name = "polars" },
    { name = "pytest" },
    { name = "xlwings" },
]

[package.dev-dependencies]
dev = [
    { name = "pytest-cov" },
]

[package.metadata]
requires-dist = [
    { name = "openpyxl", specifier = ">=3.1.5,<4.0.0" },
    { name = "polars", specifier = ">=1.35.2,<2.0.0" },
    { name = "pytest", specifier = ">=9.0.2" },
    { name = "xlwings", specifier = ">=0.33.16" },
]

[package.metadata.requires-dev]
dev = [{ name = "pytest-cov", specifier = ">=7.0.0" }]
